
Microsoft Visual Studio Solution File, Format Version 12.00
# Visual Studio Version 17
VisualStudioVersion = 17.3.32901.215
MinimumVisualStudioVersion = 10.0.40219.1
Project("{FAE04EC0-301F-11D3-BF4B-00C04F79EFBC}") = "Sudoku", "Sudoku\Sudoku.csproj", "{75597848-ECF1-4D4D-8191-58958623BE9F}"
EndProject
Global
	GlobalSection(SolutionConfigurationPlatforms) = preSolution
		Debug|Any CPU = Debug|Any CPU
		Release|Any CPU = Release|Any CPU
	EndGlobalSection
	GlobalSection(ProjectConfigurationPlatforms) = postSolution
		{75597848-ECF1-4D4D-8191-58958623BE9F}.Debug|Any CPU.ActiveCfg = Debug|Any CPU
		{75597848-ECF1-4D4D-8191-58958623BE9F}.Debug|Any CPU.Build.0 = Debug|Any CPU
		{75597848-ECF1-4D4D-8191-58958623BE9F}.Release|Any CPU.ActiveCfg = Release|Any CPU
		{75597848-ECF1-4D4D-8191-58958623BE9F}.Release|Any CPU.Build.0 = Release|Any CPU
	EndGlobalSection
	GlobalSection(SolutionProperties) = preSolution
		HideSolutionNode = FALSE
	EndGlobalSection
	GlobalSection(ExtensibilityGlobals) = postSolution
		SolutionGuid = {A9152D66-F8BF-46D4-AB0D-9EE89EFAA4F0}
	EndGlobalSection
EndGlobal
